// !$*UTF8*$!
{
	archiveVersion = 1;
	classes = {
	};
	objectVersion = 56;
	objects = {

/* Begin PBXBuildFile section */
		8375CC02293678AF008F57A5 /* Assets.xcassets in Resources */ = {isa = PBXBuildFile; fileRef = 8375CC01293678AF008F57A5 /* Assets.xcassets */; };
		8375CC05293678AF008F57A5 /* MainMenu.xib in Resources */ = {isa = PBXBuildFile; fileRef = 8375CC03293678AF008F57A5 /* MainMenu.xib */; };
		8375CC12293678AF008F57A5 /* Final_ProjectTests.m in Sources */ = {isa = PBXBuildFile; fileRef = 8375CC11293678AF008F57A5 /* Final_ProjectTests.m */; };
		8375CC1C293678AF008F57A5 /* Final_ProjectUITests.m in Sources */ = {isa = PBXBuildFile; fileRef = 8375CC1B293678AF008F57A5 /* Final_ProjectUITests.m */; };
		8375CC1E293678AF008F57A5 /* Final_ProjectUITestsLaunchTests.m in Sources */ = {isa = PBXBuildFile; fileRef = 8375CC1D293678AF008F57A5 /* Final_ProjectUITestsLaunchTests.m */; };
		8375CC2C293678E3008F57A5 /* Final Project.cpp in Sources */ = {isa = PBXBuildFile; fileRef = 8375CC2A293678E3008F57A5 /* Final Project.cpp */; };
		8375CC302936DD23008F57A5 /* fssimplewindowcpp.cpp in Sources */ = {isa = PBXBuildFile; fileRef = 8375CC2E2936DD22008F57A5 /* fssimplewindowcpp.cpp */; };
		8375CC312936DD23008F57A5 /* fssimplewindowobjc.m in Sources */ = {isa = PBXBuildFile; fileRef = 8375CC2F2936DD23008F57A5 /* fssimplewindowobjc.m */; };
		8375CC352936DD36008F57A5 /* yssimplesound_macosx_objc.m in Sources */ = {isa = PBXBuildFile; fileRef = 8375CC332936DD36008F57A5 /* yssimplesound_macosx_objc.m */; };
		8375CC362936DD36008F57A5 /* yssimplesound.cpp in Sources */ = {isa = PBXBuildFile; fileRef = 8375CC342936DD36008F57A5 /* yssimplesound.cpp */; };
		839358E4293BC97C0025CB08 /* level1.png in Resources */ = {isa = PBXBuildFile; fileRef = 839358E1293BC97C0025CB08 /* level1.png */; };
		839358E5293BC97C0025CB08 /* level2.png in Resources */ = {isa = PBXBuildFile; fileRef = 839358E2293BC97C0025CB08 /* level2.png */; };
		839358E6293BC97C0025CB08 /* level3.png in Resources */ = {isa = PBXBuildFile; fileRef = 839358E3293BC97C0025CB08 /* level3.png */; };
		8398096F2936E1E3009920EC /* Player.cpp in Sources */ = {isa = PBXBuildFile; fileRef = 839809662936E1E3009920EC /* Player.cpp */; };
		839809702936E1E3009920EC /* Bullet.cpp in Sources */ = {isa = PBXBuildFile; fileRef = 839809682936E1E3009920EC /* Bullet.cpp */; };
		839809712936E1E3009920EC /* BulletPattern.cpp in Sources */ = {isa = PBXBuildFile; fileRef = 839809692936E1E3009920EC /* BulletPattern.cpp */; };
		839809722936E1E3009920EC /* enemy.cpp in Sources */ = {isa = PBXBuildFile; fileRef = 8398096A2936E1E3009920EC /* enemy.cpp */; };
		839809782936E24D009920EC /* ysglfontdata.c in Sources */ = {isa = PBXBuildFile; fileRef = 839809762936E24D009920EC /* ysglfontdata.c */; };
		839809812936E5B7009920EC /* yspng.cpp in Sources */ = {isa = PBXBuildFile; fileRef = 8398097F2936E5B7009920EC /* yspng.cpp */; };
/* End PBXBuildFile section */

/* Begin PBXContainerItemProxy section */
		8375CC0E293678AF008F57A5 /* PBXContainerItemProxy */ = {
			isa = PBXContainerItemProxy;
			containerPortal = 8375CBF3293678AE008F57A5 /* Project object */;
			proxyType = 1;
			remoteGlobalIDString = 8375CBFA293678AE008F57A5;
			remoteInfo = "Final Project";
		};
		8375CC18293678AF008F57A5 /* PBXContainerItemProxy */ = {
			isa = PBXContainerItemProxy;
			containerPortal = 8375CBF3293678AE008F57A5 /* Project object */;
			proxyType = 1;
			remoteGlobalIDString = 8375CBFA293678AE008F57A5;
			remoteInfo = "Final Project";
		};
/* End PBXContainerItemProxy section */

/* Begin PBXFileReference section */
		8375CBFB293678AE008F57A5 /* Final Project.app */ = {isa = PBXFileReference; explicitFileType = wrapper.application; includeInIndex = 0; path = "Final Project.app"; sourceTree = BUILT_PRODUCTS_DIR; };
		8375CC01293678AF008F57A5 /* Assets.xcassets */ = {isa = PBXFileReference; lastKnownFileType = folder.assetcatalog; path = Assets.xcassets; sourceTree = "<group>"; };
		8375CC04293678AF008F57A5 /* Base */ = {isa = PBXFileReference; lastKnownFileType = file.xib; name = Base; path = Base.lproj/MainMenu.xib; sourceTree = "<group>"; };
		8375CC08293678AF008F57A5 /* Final_Project.entitlements */ = {isa = PBXFileReference; lastKnownFileType = text.plist.entitlements; path = Final_Project.entitlements; sourceTree = "<group>"; };
		8375CC0D293678AF008F57A5 /* Final ProjectTests.xctest */ = {isa = PBXFileReference; explicitFileType = wrapper.cfbundle; includeInIndex = 0; path = "Final ProjectTests.xctest"; sourceTree = BUILT_PRODUCTS_DIR; };
		8375CC11293678AF008F57A5 /* Final_ProjectTests.m */ = {isa = PBXFileReference; lastKnownFileType = sourcecode.c.objc; path = Final_ProjectTests.m; sourceTree = "<group>"; };
		8375CC17293678AF008F57A5 /* Final ProjectUITests.xctest */ = {isa = PBXFileReference; explicitFileType = wrapper.cfbundle; includeInIndex = 0; path = "Final ProjectUITests.xctest"; sourceTree = BUILT_PRODUCTS_DIR; };
		8375CC1B293678AF008F57A5 /* Final_ProjectUITests.m */ = {isa = PBXFileReference; lastKnownFileType = sourcecode.c.objc; path = Final_ProjectUITests.m; sourceTree = "<group>"; };
		8375CC1D293678AF008F57A5 /* Final_ProjectUITestsLaunchTests.m */ = {isa = PBXFileReference; lastKnownFileType = sourcecode.c.objc; path = Final_ProjectUITestsLaunchTests.m; sourceTree = "<group>"; };
		8375CC2A293678E3008F57A5 /* Final Project.cpp */ = {isa = PBXFileReference; lastKnownFileType = sourcecode.cpp.cpp; path = "Final Project.cpp"; sourceTree = "<group>"; };
		8375CC2B293678E3008F57A5 /* Final Project.hpp */ = {isa = PBXFileReference; lastKnownFileType = sourcecode.cpp.h; path = "Final Project.hpp"; sourceTree = "<group>"; };
		8375CC2D2936DD22008F57A5 /* fssimplewindow.h */ = {isa = PBXFileReference; fileEncoding = 4; lastKnownFileType = sourcecode.c.h; path = fssimplewindow.h; sourceTree = "<group>"; };
		8375CC2E2936DD22008F57A5 /* fssimplewindowcpp.cpp */ = {isa = PBXFileReference; fileEncoding = 4; lastKnownFileType = sourcecode.cpp.cpp; path = fssimplewindowcpp.cpp; sourceTree = "<group>"; };
		8375CC2F2936DD23008F57A5 /* fssimplewindowobjc.m */ = {isa = PBXFileReference; fileEncoding = 4; lastKnownFileType = sourcecode.c.objc; path = fssimplewindowobjc.m; sourceTree = "<group>"; };
		8375CC322936DD36008F57A5 /* yssimplesound.h */ = {isa = PBXFileReference; fileEncoding = 4; lastKnownFileType = sourcecode.c.h; path = yssimplesound.h; sourceTree = "<group>"; };
		8375CC332936DD36008F57A5 /* yssimplesound_macosx_objc.m */ = {isa = PBXFileReference; fileEncoding = 4; lastKnownFileType = sourcecode.c.objc; path = yssimplesound_macosx_objc.m; sourceTree = "<group>"; };
		8375CC342936DD36008F57A5 /* yssimplesound.cpp */ = {isa = PBXFileReference; fileEncoding = 4; lastKnownFileType = sourcecode.cpp.cpp; path = yssimplesound.cpp; sourceTree = "<group>"; };
		839358E1293BC97C0025CB08 /* level1.png */ = {isa = PBXFileReference; lastKnownFileType = image.png; name = level1.png; path = Background/level1.png; sourceTree = "<group>"; };
		839358E2293BC97C0025CB08 /* level2.png */ = {isa = PBXFileReference; lastKnownFileType = image.png; name = level2.png; path = Background/level2.png; sourceTree = "<group>"; };
		839358E3293BC97C0025CB08 /* level3.png */ = {isa = PBXFileReference; lastKnownFileType = image.png; name = level3.png; path = Background/level3.png; sourceTree = "<group>"; };
		839809642936E1E3009920EC /* Player.h */ = {isa = PBXFileReference; fileEncoding = 4; lastKnownFileType = sourcecode.c.h; name = Player.h; path = ../../Player.h; sourceTree = "<group>"; };
		839809662936E1E3009920EC /* Player.cpp */ = {isa = PBXFileReference; fileEncoding = 4; lastKnownFileType = sourcecode.cpp.cpp; name = Player.cpp; path = ../../Player.cpp; sourceTree = "<group>"; };
		839809672936E1E3009920EC /* BulletPattern.h */ = {isa = PBXFileReference; fileEncoding = 4; lastKnownFileType = sourcecode.c.h; name = BulletPattern.h; path = ../../BulletPattern.h; sourceTree = "<group>"; };
		839809682936E1E3009920EC /* Bullet.cpp */ = {isa = PBXFileReference; fileEncoding = 4; lastKnownFileType = sourcecode.cpp.cpp; name = Bullet.cpp; path = ../../Bullet.cpp; sourceTree = "<group>"; };
		839809692936E1E3009920EC /* BulletPattern.cpp */ = {isa = PBXFileReference; fileEncoding = 4; lastKnownFileType = sourcecode.cpp.cpp; name = BulletPattern.cpp; path = ../../BulletPattern.cpp; sourceTree = "<group>"; };
		8398096A2936E1E3009920EC /* enemy.cpp */ = {isa = PBXFileReference; fileEncoding = 4; lastKnownFileType = sourcecode.cpp.cpp; name = enemy.cpp; path = ../../enemy.cpp; sourceTree = "<group>"; };
		8398096B2936E1E3009920EC /* enemy.h */ = {isa = PBXFileReference; fileEncoding = 4; lastKnownFileType = sourcecode.c.h; name = enemy.h; path = ../../enemy.h; sourceTree = "<group>"; };
		8398096D2936E1E3009920EC /* Bullet.h */ = {isa = PBXFileReference; fileEncoding = 4; lastKnownFileType = sourcecode.c.h; name = Bullet.h; path = ../../Bullet.h; sourceTree = "<group>"; };
		839809762936E24D009920EC /* ysglfontdata.c */ = {isa = PBXFileReference; fileEncoding = 4; lastKnownFileType = sourcecode.c.c; path = ysglfontdata.c; sourceTree = "<group>"; };
		839809772936E24D009920EC /* ysglfontdata.h */ = {isa = PBXFileReference; fileEncoding = 4; lastKnownFileType = sourcecode.c.h; path = ysglfontdata.h; sourceTree = "<group>"; };
		8398097F2936E5B7009920EC /* yspng.cpp */ = {isa = PBXFileReference; fileEncoding = 4; lastKnownFileType = sourcecode.cpp.cpp; name = yspng.cpp; path = "../../../Lecture Notes/Box File/yspng/yspng.cpp"; sourceTree = "<group>"; };
		839809802936E5B7009920EC /* yspng.h */ = {isa = PBXFileReference; fileEncoding = 4; lastKnownFileType = sourcecode.c.h; name = yspng.h; path = "../../../Lecture Notes/Box File/yspng/yspng.h"; sourceTree = "<group>"; };
/* End PBXFileReference section */

/* Begin PBXFrameworksBuildPhase section */
		8375CBF8293678AE008F57A5 /* Frameworks */ = {
			isa = PBXFrameworksBuildPhase;
			buildActionMask = 2147483647;
			files = (
			);
			runOnlyForDeploymentPostprocessing = 0;
		};
		8375CC0A293678AF008F57A5 /* Frameworks */ = {
			isa = PBXFrameworksBuildPhase;
			buildActionMask = 2147483647;
			files = (
			);
			runOnlyForDeploymentPostprocessing = 0;
		};
		8375CC14293678AF008F57A5 /* Frameworks */ = {
			isa = PBXFrameworksBuildPhase;
			buildActionMask = 2147483647;
			files = (
			);
			runOnlyForDeploymentPostprocessing = 0;
		};
/* End PBXFrameworksBuildPhase section */

/* Begin PBXGroup section */
		8375CBF2293678AE008F57A5 = {
			isa = PBXGroup;
			children = (
				8375CBFD293678AE008F57A5 /* Final Project */,
				8375CC10293678AF008F57A5 /* Final ProjectTests */,
				8375CC1A293678AF008F57A5 /* Final ProjectUITests */,
				8375CBFC293678AE008F57A5 /* Products */,
			);
			sourceTree = "<group>";
		};
		8375CBFC293678AE008F57A5 /* Products */ = {
			isa = PBXGroup;
			children = (
				8375CBFB293678AE008F57A5 /* Final Project.app */,
				8375CC0D293678AF008F57A5 /* Final ProjectTests.xctest */,
				8375CC17293678AF008F57A5 /* Final ProjectUITests.xctest */,
			);
			name = Products;
			sourceTree = "<group>";
		};
		8375CBFD293678AE008F57A5 /* Final Project */ = {
			isa = PBXGroup;
			children = (
				839358E1293BC97C0025CB08 /* level1.png */,
				839358E2293BC97C0025CB08 /* level2.png */,
				839358E3293BC97C0025CB08 /* level3.png */,
				8398097F2936E5B7009920EC /* yspng.cpp */,
				839809802936E5B7009920EC /* yspng.h */,
				839809762936E24D009920EC /* ysglfontdata.c */,
				839809772936E24D009920EC /* ysglfontdata.h */,
				839809682936E1E3009920EC /* Bullet.cpp */,
				8398096D2936E1E3009920EC /* Bullet.h */,
				839809692936E1E3009920EC /* BulletPattern.cpp */,
				839809672936E1E3009920EC /* BulletPattern.h */,
				8398096A2936E1E3009920EC /* enemy.cpp */,
				8398096B2936E1E3009920EC /* enemy.h */,
				839809662936E1E3009920EC /* Player.cpp */,
				839809642936E1E3009920EC /* Player.h */,
				8375CC332936DD36008F57A5 /* yssimplesound_macosx_objc.m */,
				8375CC342936DD36008F57A5 /* yssimplesound.cpp */,
				8375CC322936DD36008F57A5 /* yssimplesound.h */,
				8375CC2D2936DD22008F57A5 /* fssimplewindow.h */,
				8375CC2E2936DD22008F57A5 /* fssimplewindowcpp.cpp */,
				8375CC2F2936DD23008F57A5 /* fssimplewindowobjc.m */,
				8375CC01293678AF008F57A5 /* Assets.xcassets */,
				8375CC03293678AF008F57A5 /* MainMenu.xib */,
				8375CC08293678AF008F57A5 /* Final_Project.entitlements */,
				8375CC2A293678E3008F57A5 /* Final Project.cpp */,
				8375CC2B293678E3008F57A5 /* Final Project.hpp */,
			);
			path = "Final Project";
			sourceTree = "<group>";
		};
		8375CC10293678AF008F57A5 /* Final ProjectTests */ = {
			isa = PBXGroup;
			children = (
				8375CC11293678AF008F57A5 /* Final_ProjectTests.m */,
			);
			path = "Final ProjectTests";
			sourceTree = "<group>";
		};
		8375CC1A293678AF008F57A5 /* Final ProjectUITests */ = {
			isa = PBXGroup;
			children = (
				8375CC1B293678AF008F57A5 /* Final_ProjectUITests.m */,
				8375CC1D293678AF008F57A5 /* Final_ProjectUITestsLaunchTests.m */,
			);
			path = "Final ProjectUITests";
			sourceTree = "<group>";
		};
/* End PBXGroup section */

/* Begin PBXNativeTarget section */
		8375CBFA293678AE008F57A5 /* Final Project */ = {
			isa = PBXNativeTarget;
			buildConfigurationList = 8375CC21293678AF008F57A5 /* Build configuration list for PBXNativeTarget "Final Project" */;
			buildPhases = (
				8375CBF7293678AE008F57A5 /* Sources */,
				8375CBF8293678AE008F57A5 /* Frameworks */,
				8375CBF9293678AE008F57A5 /* Resources */,
			);
			buildRules = (
			);
			dependencies = (
			);
			name = "Final Project";
			productName = "Final Project";
			productReference = 8375CBFB293678AE008F57A5 /* Final Project.app */;
			productType = "com.apple.product-type.application";
		};
		8375CC0C293678AF008F57A5 /* Final ProjectTests */ = {
			isa = PBXNativeTarget;
			buildConfigurationList = 8375CC24293678AF008F57A5 /* Build configuration list for PBXNativeTarget "Final ProjectTests" */;
			buildPhases = (
				8375CC09293678AF008F57A5 /* Sources */,
				8375CC0A293678AF008F57A5 /* Frameworks */,
				8375CC0B293678AF008F57A5 /* Resources */,
			);
			buildRules = (
			);
			dependencies = (
				8375CC0F293678AF008F57A5 /* PBXTargetDependency */,
			);
			name = "Final ProjectTests";
			productName = "Final ProjectTests";
			productReference = 8375CC0D293678AF008F57A5 /* Final ProjectTests.xctest */;
			productType = "com.apple.product-type.bundle.unit-test";
		};
		8375CC16293678AF008F57A5 /* Final ProjectUITests */ = {
			isa = PBXNativeTarget;
			buildConfigurationList = 8375CC27293678AF008F57A5 /* Build configuration list for PBXNativeTarget "Final ProjectUITests" */;
			buildPhases = (
				8375CC13293678AF008F57A5 /* Sources */,
				8375CC14293678AF008F57A5 /* Frameworks */,
				8375CC15293678AF008F57A5 /* Resources */,
			);
			buildRules = (
			);
			dependencies = (
				8375CC19293678AF008F57A5 /* PBXTargetDependency */,
			);
			name = "Final ProjectUITests";
			productName = "Final ProjectUITests";
			productReference = 8375CC17293678AF008F57A5 /* Final ProjectUITests.xctest */;
			productType = "com.apple.product-type.bundle.ui-testing";
		};
/* End PBXNativeTarget section */

/* Begin PBXProject section */
		8375CBF3293678AE008F57A5 /* Project object */ = {
			isa = PBXProject;
			attributes = {
				BuildIndependentTargetsInParallel = 1;
				LastUpgradeCheck = 1410;
				TargetAttributes = {
					8375CBFA293678AE008F57A5 = {
						CreatedOnToolsVersion = 14.1;
					};
					8375CC0C293678AF008F57A5 = {
						CreatedOnToolsVersion = 14.1;
						TestTargetID = 8375CBFA293678AE008F57A5;
					};
					8375CC16293678AF008F57A5 = {
						CreatedOnToolsVersion = 14.1;
						TestTargetID = 8375CBFA293678AE008F57A5;
					};
				};
			};
			buildConfigurationList = 8375CBF6293678AE008F57A5 /* Build configuration list for PBXProject "Final Project" */;
			compatibilityVersion = "Xcode 14.0";
			developmentRegion = en;
			hasScannedForEncodings = 0;
			knownRegions = (
				en,
				Base,
			);
			mainGroup = 8375CBF2293678AE008F57A5;
			productRefGroup = 8375CBFC293678AE008F57A5 /* Products */;
			projectDirPath = "";
			projectRoot = "";
			targets = (
				8375CBFA293678AE008F57A5 /* Final Project */,
				8375CC0C293678AF008F57A5 /* Final ProjectTests */,
				8375CC16293678AF008F57A5 /* Final ProjectUITests */,
			);
		};
/* End PBXProject section */

/* Begin PBXResourcesBuildPhase section */
		8375CBF9293678AE008F57A5 /* Resources */ = {
			isa = PBXResourcesBuildPhase;
			buildActionMask = 2147483647;
			files = (
				839358E6293BC97C0025CB08 /* level3.png in Resources */,
				8375CC02293678AF008F57A5 /* Assets.xcassets in Resources */,
				839358E4293BC97C0025CB08 /* level1.png in Resources */,
				8375CC05293678AF008F57A5 /* MainMenu.xib in Resources */,
				839358E5293BC97C0025CB08 /* level2.png in Resources */,
			);
			runOnlyForDeploymentPostprocessing = 0;
		};
		8375CC0B293678AF008F57A5 /* Resources */ = {
			isa = PBXResourcesBuildPhase;
			buildActionMask = 2147483647;
			files = (
			);
			runOnlyForDeploymentPostprocessing = 0;
		};
		8375CC15293678AF008F57A5 /* Resources */ = {
			isa = PBXResourcesBuildPhase;
			buildActionMask = 2147483647;
			files = (
			);
			runOnlyForDeploymentPostprocessing = 0;
		};
/* End PBXResourcesBuildPhase section */

/* Begin PBXSourcesBuildPhase section */
		8375CBF7293678AE008F57A5 /* Sources */ = {
			isa = PBXSourcesBuildPhase;
			buildActionMask = 2147483647;
			files = (
				839809722936E1E3009920EC /* enemy.cpp in Sources */,
				8375CC352936DD36008F57A5 /* yssimplesound_macosx_objc.m in Sources */,
				8398096F2936E1E3009920EC /* Player.cpp in Sources */,
				839809702936E1E3009920EC /* Bullet.cpp in Sources */,
				839809812936E5B7009920EC /* yspng.cpp in Sources */,
				8375CC312936DD23008F57A5 /* fssimplewindowobjc.m in Sources */,
				839809782936E24D009920EC /* ysglfontdata.c in Sources */,
				8375CC302936DD23008F57A5 /* fssimplewindowcpp.cpp in Sources */,
				8375CC2C293678E3008F57A5 /* Final Project.cpp in Sources */,
				839809712936E1E3009920EC /* BulletPattern.cpp in Sources */,
				8375CC362936DD36008F57A5 /* yssimplesound.cpp in Sources */,
			);
			runOnlyForDeploymentPostprocessing = 0;
		};
		8375CC09293678AF008F57A5 /* Sources */ = {
			isa = PBXSourcesBuildPhase;
			buildActionMask = 2147483647;
			files = (
				8375CC12293678AF008F57A5 /* Final_ProjectTests.m in Sources */,
			);
			runOnlyForDeploymentPostprocessing = 0;
		};
		8375CC13293678AF008F57A5 /* Sources */ = {
			isa = PBXSourcesBuildPhase;
			buildActionMask = 2147483647;
			files = (
				8375CC1C293678AF008F57A5 /* Final_ProjectUITests.m in Sources */,
				8375CC1E293678AF008F57A5 /* Final_ProjectUITestsLaunchTests.m in Sources */,
			);
			runOnlyForDeploymentPostprocessing = 0;
		};
/* End PBXSourcesBuildPhase section */

/* Begin PBXTargetDependency section */
		8375CC0F293678AF008F57A5 /* PBXTargetDependency */ = {
			isa = PBXTargetDependency;
			target = 8375CBFA293678AE008F57A5 /* Final Project */;
			targetProxy = 8375CC0E293678AF008F57A5 /* PBXContainerItemProxy */;
		};
		8375CC19293678AF008F57A5 /* PBXTargetDependency */ = {
			isa = PBXTargetDependency;
			target = 8375CBFA293678AE008F57A5 /* Final Project */;
			targetProxy = 8375CC18293678AF008F57A5 /* PBXContainerItemProxy */;
		};
/* End PBXTargetDependency section */

/* Begin PBXVariantGroup section */
		8375CC03293678AF008F57A5 /* MainMenu.xib */ = {
			isa = PBXVariantGroup;
			children = (
				8375CC04293678AF008F57A5 /* Base */,
			);
			name = MainMenu.xib;
			sourceTree = "<group>";
		};
/* End PBXVariantGroup section */

/* Begin XCBuildConfiguration section */
		8375CC1F293678AF008F57A5 /* Debug */ = {
			isa = XCBuildConfiguration;
			buildSettings = {
				ALWAYS_SEARCH_USER_PATHS = NO;
				CLANG_ANALYZER_NONNULL = YES;
				CLANG_ANALYZER_NUMBER_OBJECT_CONVERSION = YES_AGGRESSIVE;
				CLANG_CXX_LANGUAGE_STANDARD = "gnu++20";
				CLANG_ENABLE_MODULES = YES;
				CLANG_ENABLE_OBJC_ARC = YES;
				CLANG_ENABLE_OBJC_WEAK = YES;
				CLANG_WARN_BLOCK_CAPTURE_AUTORELEASING = YES;
				CLANG_WARN_BOOL_CONVERSION = YES;
				CLANG_WARN_COMMA = YES;
				CLANG_WARN_CONSTANT_CONVERSION = YES;
				CLANG_WARN_DEPRECATED_OBJC_IMPLEMENTATIONS = YES;
				CLANG_WARN_DIRECT_OBJC_ISA_USAGE = YES_ERROR;
				CLANG_WARN_DOCUMENTATION_COMMENTS = YES;
				CLANG_WARN_EMPTY_BODY = YES;
				CLANG_WARN_ENUM_CONVERSION = YES;
				CLANG_WARN_INFINITE_RECURSION = YES;
				CLANG_WARN_INT_CONVERSION = YES;
				CLANG_WARN_NON_LITERAL_NULL_CONVERSION = YES;
				CLANG_WARN_OBJC_IMPLICIT_RETAIN_SELF = YES;
				CLANG_WARN_OBJC_LITERAL_CONVERSION = YES;
				CLANG_WARN_OBJC_ROOT_CLASS = YES_ERROR;
				CLANG_WARN_QUOTED_INCLUDE_IN_FRAMEWORK_HEADER = YES;
				CLANG_WARN_RANGE_LOOP_ANALYSIS = YES;
				CLANG_WARN_STRICT_PROTOTYPES = YES;
				CLANG_WARN_SUSPICIOUS_MOVE = YES;
				CLANG_WARN_UNGUARDED_AVAILABILITY = YES_AGGRESSIVE;
				CLANG_WARN_UNREACHABLE_CODE = YES;
				CLANG_WARN__DUPLICATE_METHOD_MATCH = YES;
				COPY_PHASE_STRIP = NO;
				DEBUG_INFORMATION_FORMAT = dwarf;
				ENABLE_STRICT_OBJC_MSGSEND = YES;
				ENABLE_TESTABILITY = YES;
				GCC_C_LANGUAGE_STANDARD = gnu11;
				GCC_DYNAMIC_NO_PIC = NO;
				GCC_NO_COMMON_BLOCKS = YES;
				GCC_OPTIMIZATION_LEVEL = 0;
				GCC_PREPROCESSOR_DEFINITIONS = (
					"DEBUG=1",
					"$(inherited)",
				);
				GCC_WARN_64_TO_32_BIT_CONVERSION = YES;
				GCC_WARN_ABOUT_RETURN_TYPE = YES_ERROR;
				GCC_WARN_UNDECLARED_SELECTOR = YES;
				GCC_WARN_UNINITIALIZED_AUTOS = YES_AGGRESSIVE;
				GCC_WARN_UNUSED_FUNCTION = YES;
				GCC_WARN_UNUSED_VARIABLE = YES;
				MACOSX_DEPLOYMENT_TARGET = 13.0;
				MTL_ENABLE_DEBUG_INFO = INCLUDE_SOURCE;
				MTL_FAST_MATH = YES;
				ONLY_ACTIVE_ARCH = YES;
				SDKROOT = macosx;
			};
			name = Debug;
		};
		8375CC20293678AF008F57A5 /* Release */ = {
			isa = XCBuildConfiguration;
			buildSettings = {
				ALWAYS_SEARCH_USER_PATHS = NO;
				CLANG_ANALYZER_NONNULL = YES;
				CLANG_ANALYZER_NUMBER_OBJECT_CONVERSION = YES_AGGRESSIVE;
				CLANG_CXX_LANGUAGE_STANDARD = "gnu++20";
				CLANG_ENABLE_MODULES = YES;
				CLANG_ENABLE_OBJC_ARC = YES;
				CLANG_ENABLE_OBJC_WEAK = YES;
				CLANG_WARN_BLOCK_CAPTURE_AUTORELEASING = YES;
				CLANG_WARN_BOOL_CONVERSION = YES;
				CLANG_WARN_COMMA = YES;
				CLANG_WARN_CONSTANT_CONVERSION = YES;
				CLANG_WARN_DEPRECATED_OBJC_IMPLEMENTATIONS = YES;
				CLANG_WARN_DIRECT_OBJC_ISA_USAGE = YES_ERROR;
				CLANG_WARN_DOCUMENTATION_COMMENTS = YES;
				CLANG_WARN_EMPTY_BODY = YES;
				CLANG_WARN_ENUM_CONVERSION = YES;
				CLANG_WARN_INFINITE_RECURSION = YES;
				CLANG_WARN_INT_CONVERSION = YES;
				CLANG_WARN_NON_LITERAL_NULL_CONVERSION = YES;
				CLANG_WARN_OBJC_IMPLICIT_RETAIN_SELF = YES;
				CLANG_WARN_OBJC_LITERAL_CONVERSION = YES;
				CLANG_WARN_OBJC_ROOT_CLASS = YES_ERROR;
				CLANG_WARN_QUOTED_INCLUDE_IN_FRAMEWORK_HEADER = YES;
				CLANG_WARN_RANGE_LOOP_ANALYSIS = YES;
				CLANG_WARN_STRICT_PROTOTYPES = YES;
				CLANG_WARN_SUSPICIOUS_MOVE = YES;
				CLANG_WARN_UNGUARDED_AVAILABILITY = YES_AGGRESSIVE;
				CLANG_WARN_UNREACHABLE_CODE = YES;
				CLANG_WARN__DUPLICATE_METHOD_MATCH = YES;
				COPY_PHASE_STRIP = NO;
				DEBUG_INFORMATION_FORMAT = "dwarf-with-dsym";
				ENABLE_NS_ASSERTIONS = NO;
				ENABLE_STRICT_OBJC_MSGSEND = YES;
				GCC_C_LANGUAGE_STANDARD = gnu11;
				GCC_NO_COMMON_BLOCKS = YES;
				GCC_WARN_64_TO_32_BIT_CONVERSION = YES;
				GCC_WARN_ABOUT_RETURN_TYPE = YES_ERROR;
				GCC_WARN_UNDECLARED_SELECTOR = YES;
				GCC_WARN_UNINITIALIZED_AUTOS = YES_AGGRESSIVE;
				GCC_WARN_UNUSED_FUNCTION = YES;
				GCC_WARN_UNUSED_VARIABLE = YES;
				MACOSX_DEPLOYMENT_TARGET = 13.0;
				MTL_ENABLE_DEBUG_INFO = NO;
				MTL_FAST_MATH = YES;
				SDKROOT = macosx;
			};
			name = Release;
		};
		8375CC22293678AF008F57A5 /* Debug */ = {
			isa = XCBuildConfiguration;
			buildSettings = {
				ASSETCATALOG_COMPILER_APPICON_NAME = AppIcon;
				ASSETCATALOG_COMPILER_GLOBAL_ACCENT_COLOR_NAME = AccentColor;
				CODE_SIGN_ENTITLEMENTS = "Final Project/Final_Project.entitlements";
				CODE_SIGN_STYLE = Automatic;
				COMBINE_HIDPI_IMAGES = YES;
				CURRENT_PROJECT_VERSION = 1;
				DEVELOPMENT_TEAM = RC9QH769M6;
				ENABLE_HARDENED_RUNTIME = YES;
				GENERATE_INFOPLIST_FILE = YES;
				INFOPLIST_KEY_NSHumanReadableCopyright = "";
				INFOPLIST_KEY_NSMainNibFile = MainMenu;
				INFOPLIST_KEY_NSPrincipalClass = NSApplication;
				LD_RUNPATH_SEARCH_PATHS = (
					"$(inherited)",
					"@executable_path/../Frameworks",
				);
				MARKETING_VERSION = 1.0;
				PRODUCT_BUNDLE_IDENTIFIER = "Peter.Final-Project";
				PRODUCT_NAME = "$(TARGET_NAME)";
				SWIFT_EMIT_LOC_STRINGS = YES;
			};
			name = Debug;
		};
		8375CC23293678AF008F57A5 /* Release */ = {
			isa = XCBuildConfiguration;
			buildSettings = {
				ASSETCATALOG_COMPILER_APPICON_NAME = AppIcon;
				ASSETCATALOG_COMPILER_GLOBAL_ACCENT_COLOR_NAME = AccentColor;
				CODE_SIGN_ENTITLEMENTS = "Final Project/Final_Project.entitlements";
				CODE_SIGN_STYLE = Automatic;
				COMBINE_HIDPI_IMAGES = YES;
				CURRENT_PROJECT_VERSION = 1;
				DEVELOPMENT_TEAM = RC9QH769M6;
				ENABLE_HARDENED_RUNTIME = YES;
				GENERATE_INFOPLIST_FILE = YES;
				INFOPLIST_KEY_NSHumanReadableCopyright = "";
				INFOPLIST_KEY_NSMainNibFile = MainMenu;
				INFOPLIST_KEY_NSPrincipalClass = NSApplication;
				LD_RUNPATH_SEARCH_PATHS = (
					"$(inherited)",
					"@executable_path/../Frameworks",
				);
				MARKETING_VERSION = 1.0;
				PRODUCT_BUNDLE_IDENTIFIER = "Peter.Final-Project";
				PRODUCT_NAME = "$(TARGET_NAME)";
				SWIFT_EMIT_LOC_STRINGS = YES;
			};
			name = Release;
		};
		8375CC25293678AF008F57A5 /* Debug */ = {
			isa = XCBuildConfiguration;
			buildSettings = {
				BUNDLE_LOADER = "$(TEST_HOST)";
				CODE_SIGN_STYLE = Automatic;
				CURRENT_PROJECT_VERSION = 1;
				DEVELOPMENT_TEAM = RC9QH769M6;
				GENERATE_INFOPLIST_FILE = YES;
				MACOSX_DEPLOYMENT_TARGET = 13.0;
				MARKETING_VERSION = 1.0;
				PRODUCT_BUNDLE_IDENTIFIER = "Peter.Final-ProjectTests";
				PRODUCT_NAME = "$(TARGET_NAME)";
				SWIFT_EMIT_LOC_STRINGS = NO;
				TEST_HOST = "$(BUILT_PRODUCTS_DIR)/Final Project.app/$(BUNDLE_EXECUTABLE_FOLDER_PATH)/Final Project";
			};
			name = Debug;
		};
		8375CC26293678AF008F57A5 /* Release */ = {
			isa = XCBuildConfiguration;
			buildSettings = {
				BUNDLE_LOADER = "$(TEST_HOST)";
				CODE_SIGN_STYLE = Automatic;
				CURRENT_PROJECT_VERSION = 1;
				DEVELOPMENT_TEAM = RC9QH769M6;
				GENERATE_INFOPLIST_FILE = YES;
				MACOSX_DEPLOYMENT_TARGET = 13.0;
				MARKETING_VERSION = 1.0;
				PRODUCT_BUNDLE_IDENTIFIER = "Peter.Final-ProjectTests";
				PRODUCT_NAME = "$(TARGET_NAME)";
				SWIFT_EMIT_LOC_STRINGS = NO;
				TEST_HOST = "$(BUILT_PRODUCTS_DIR)/Final Project.app/$(BUNDLE_EXECUTABLE_FOLDER_PATH)/Final Project";
			};
			name = Release;
		};
		8375CC28293678AF008F57A5 /* Debug */ = {
			isa = XCBuildConfiguration;
			buildSettings = {
				CODE_SIGN_STYLE = Automatic;
				CURRENT_PROJECT_VERSION = 1;
				DEVELOPMENT_TEAM = RC9QH769M6;
				GENERATE_INFOPLIST_FILE = YES;
				MARKETING_VERSION = 1.0;
				PRODUCT_BUNDLE_IDENTIFIER = "Peter.Final-ProjectUITests";
				PRODUCT_NAME = "$(TARGET_NAME)";
				SWIFT_EMIT_LOC_STRINGS = NO;
				TEST_TARGET_NAME = "Final Project";
			};
			name = Debug;
		};
		8375CC29293678AF008F57A5 /* Release */ = {
			isa = XCBuildConfiguration;
			buildSettings = {
				CODE_SIGN_STYLE = Automatic;
				CURRENT_PROJECT_VERSION = 1;
				DEVELOPMENT_TEAM = RC9QH769M6;
				GENERATE_INFOPLIST_FILE = YES;
				MARKETING_VERSION = 1.0;
				PRODUCT_BUNDLE_IDENTIFIER = "Peter.Final-ProjectUITests";
				PRODUCT_NAME = "$(TARGET_NAME)";
				SWIFT_EMIT_LOC_STRINGS = NO;
				TEST_TARGET_NAME = "Final Project";
			};
			name = Release;
		};
/* End XCBuildConfiguration section */

/* Begin XCConfigurationList section */
		8375CBF6293678AE008F57A5 /* Build configuration list for PBXProject "Final Project" */ = {
			isa = XCConfigurationList;
			buildConfigurations = (
				8375CC1F293678AF008F57A5 /* Debug */,
				8375CC20293678AF008F57A5 /* Release */,
			);
			defaultConfigurationIsVisible = 0;
			defaultConfigurationName = Release;
		};
		8375CC21293678AF008F57A5 /* Build configuration list for PBXNativeTarget "Final Project" */ = {
			isa = XCConfigurationList;
			buildConfigurations = (
				8375CC22293678AF008F57A5 /* Debug */,
				8375CC23293678AF008F57A5 /* Release */,
			);
			defaultConfigurationIsVisible = 0;
			defaultConfigurationName = Release;
		};
		8375CC24293678AF008F57A5 /* Build configuration list for PBXNativeTarget "Final ProjectTests" */ = {
			isa = XCConfigurationList;
			buildConfigurations = (
				8375CC25293678AF008F57A5 /* Debug */,
				8375CC26293678AF008F57A5 /* Release */,
			);
			defaultConfigurationIsVisible = 0;
			defaultConfigurationName = Release;
		};
		8375CC27293678AF008F57A5 /* Build configuration list for PBXNativeTarget "Final ProjectUITests" */ = {
			isa = XCConfigurationList;
			buildConfigurations = (
				8375CC28293678AF008F57A5 /* Debug */,
				8375CC29293678AF008F57A5 /* Release */,
			);
			defaultConfigurationIsVisible = 0;
			defaultConfigurationName = Release;
		};
/* End XCConfigurationList section */
	};
	rootObject = 8375CBF3293678AE008F57A5 /* Project object */;
}
